// !$*UTF8*$!
{
	archiveVersion = 1;
	classes = {
	};
	objectVersion = 56;
	objects = {

/* Begin PBXBuildFile section */
		412845F541DE83293B6AEC0D /* Pods_AppdevHackathonProjectTests.framework in Frameworks */ = {isa = PBXBuildFile; fileRef = 2F2D12863A9DC6404370EB62 /* Pods_AppdevHackathonProjectTests.framework */; };
		529A391F2939954300336301 /* FavoritesCollectionViewCell.swift in Sources */ = {isa = PBXBuildFile; fileRef = 529A391E2939954300336301 /* FavoritesCollectionViewCell.swift */; };
		529A392329399A9D00336301 /* RecentCommentTableViewCell.swift in Sources */ = {isa = PBXBuildFile; fileRef = 529A392229399A9D00336301 /* RecentCommentTableViewCell.swift */; };
		529A39252939A36300336301 /* Favorite.swift in Sources */ = {isa = PBXBuildFile; fileRef = 529A39242939A36300336301 /* Favorite.swift */; };
		529A39272939B33300336301 /* ImagePickerManager.swift in Sources */ = {isa = PBXBuildFile; fileRef = 529A39262939B33300336301 /* ImagePickerManager.swift */; };
		529BAAEA2939C53700034AF8 /* UserID.swift in Sources */ = {isa = PBXBuildFile; fileRef = 529BAAE72939C53700034AF8 /* UserID.swift */; };
		529BAAEB2939C53700034AF8 /* RegisterUser.swift in Sources */ = {isa = PBXBuildFile; fileRef = 529BAAE82939C53700034AF8 /* RegisterUser.swift */; };
		529BAAEC2939C53700034AF8 /* LoginSession.swift in Sources */ = {isa = PBXBuildFile; fileRef = 529BAAE92939C53700034AF8 /* LoginSession.swift */; };
		8ED78486840B76C9038E0141 /* Pods_AppdevHackathonProject_AppdevHackathonProjectUITests.framework in Frameworks */ = {isa = PBXBuildFile; fileRef = 5DF6D865C7455D8F217E2179 /* Pods_AppdevHackathonProject_AppdevHackathonProjectUITests.framework */; };
		9748630540E8B23A1F53E9F5 /* Pods_AppdevHackathonProject.framework in Frameworks */ = {isa = PBXBuildFile; fileRef = A5F9DD292F38609062D1B2E8 /* Pods_AppdevHackathonProject.framework */; };
		FF2F575C293848EB00B0B9A6 /* LocationManager.swift in Sources */ = {isa = PBXBuildFile; fileRef = FF2F575B293848EB00B0B9A6 /* LocationManager.swift */; };
		FF2F576629393AD800B0B9A6 /* ProfileViewController.swift in Sources */ = {isa = PBXBuildFile; fileRef = FF2F576529393AD800B0B9A6 /* ProfileViewController.swift */; };
		FF2F576E293A3BC400B0B9A6 /* CreateComment.swift in Sources */ = {isa = PBXBuildFile; fileRef = FF2F576D293A3BC400B0B9A6 /* CreateComment.swift */; };
		FF2F5770293A861D00B0B9A6 /* LocationById.swift in Sources */ = {isa = PBXBuildFile; fileRef = FF2F576F293A861D00B0B9A6 /* LocationById.swift */; };
		FF2F5772293A889000B0B9A6 /* LogoutSession.swift in Sources */ = {isa = PBXBuildFile; fileRef = FF2F5771293A889000B0B9A6 /* LogoutSession.swift */; };
		FF2F5774293A8A5A00B0B9A6 /* UploadImage.swift in Sources */ = {isa = PBXBuildFile; fileRef = FF2F5773293A8A5A00B0B9A6 /* UploadImage.swift */; };
		FF4D716B292C44B0003BF000 /* AppDelegate.swift in Sources */ = {isa = PBXBuildFile; fileRef = FF4D716A292C44B0003BF000 /* AppDelegate.swift */; };
		FF4D716D292C44B0003BF000 /* SceneDelegate.swift in Sources */ = {isa = PBXBuildFile; fileRef = FF4D716C292C44B0003BF000 /* SceneDelegate.swift */; };
		FF4D716F292C44B0003BF000 /* ViewController.swift in Sources */ = {isa = PBXBuildFile; fileRef = FF4D716E292C44B0003BF000 /* ViewController.swift */; };
		FF4D7174292C44B1003BF000 /* Assets.xcassets in Resources */ = {isa = PBXBuildFile; fileRef = FF4D7173292C44B1003BF000 /* Assets.xcassets */; };
		FF4D7177292C44B1003BF000 /* LaunchScreen.storyboard in Resources */ = {isa = PBXBuildFile; fileRef = FF4D7175292C44B1003BF000 /* LaunchScreen.storyboard */; };
		FF4D7182292C44B1003BF000 /* AppdevHackathonProjectTests.swift in Sources */ = {isa = PBXBuildFile; fileRef = FF4D7181292C44B1003BF000 /* AppdevHackathonProjectTests.swift */; };
		FF4D718C292C44B1003BF000 /* AppdevHackathonProjectUITests.swift in Sources */ = {isa = PBXBuildFile; fileRef = FF4D718B292C44B1003BF000 /* AppdevHackathonProjectUITests.swift */; };
		FF4D718E292C44B1003BF000 /* AppdevHackathonProjectUITestsLaunchTests.swift in Sources */ = {isa = PBXBuildFile; fileRef = FF4D718D292C44B1003BF000 /* AppdevHackathonProjectUITestsLaunchTests.swift */; };
		FF4D719B292C4653003BF000 /* Places.swift in Sources */ = {isa = PBXBuildFile; fileRef = FF4D719A292C4653003BF000 /* Places.swift */; };
		FF4D719D292C4C89003BF000 /* PlacesCollectionViewCell.swift in Sources */ = {isa = PBXBuildFile; fileRef = FF4D719C292C4C89003BF000 /* PlacesCollectionViewCell.swift */; };
		FF4D719F292C4EA7003BF000 /* DetailViewController.swift in Sources */ = {isa = PBXBuildFile; fileRef = FF4D719E292C4EA7003BF000 /* DetailViewController.swift */; };
		FF4D71A1292C51B3003BF000 /* FilterCollectionViewCell.swift in Sources */ = {isa = PBXBuildFile; fileRef = FF4D71A0292C51B3003BF000 /* FilterCollectionViewCell.swift */; };
		FF4D71A3292C51E0003BF000 /* Filter.swift in Sources */ = {isa = PBXBuildFile; fileRef = FF4D71A2292C51E0003BF000 /* Filter.swift */; };
		FF4D71A52932D30E003BF000 /* LoginViewController.swift in Sources */ = {isa = PBXBuildFile; fileRef = FF4D71A42932D30E003BF000 /* LoginViewController.swift */; };
		FF4D71A929358BC2003BF000 /* SignUpViewController.swift in Sources */ = {isa = PBXBuildFile; fileRef = FF4D71A829358BC2003BF000 /* SignUpViewController.swift */; };
		FFBA9584293ACEE1004B76BB /* AddFavorite.swift in Sources */ = {isa = PBXBuildFile; fileRef = FFBA9583293ACEE1004B76BB /* AddFavorite.swift */; };
		FFBA9586293AD213004B76BB /* UpdateBusyness.swift in Sources */ = {isa = PBXBuildFile; fileRef = FFBA9585293AD213004B76BB /* UpdateBusyness.swift */; };
		FFC5E4B22935C91300BC5AA5 /* Comment.swift in Sources */ = {isa = PBXBuildFile; fileRef = FFC5E4B12935C91300BC5AA5 /* Comment.swift */; };
		FFC5E4B42935CAD800BC5AA5 /* PostTableViewCell.swift in Sources */ = {isa = PBXBuildFile; fileRef = FFC5E4B32935CAD800BC5AA5 /* PostTableViewCell.swift */; };
		FFC5E4B62935CFBD00BC5AA5 /* NetworkManager.swift in Sources */ = {isa = PBXBuildFile; fileRef = FFC5E4B52935CFBD00BC5AA5 /* NetworkManager.swift */; };
		FFC5E4B82935D13500BC5AA5 /* CreateCommentViewController.swift in Sources */ = {isa = PBXBuildFile; fileRef = FFC5E4B72935D13500BC5AA5 /* CreateCommentViewController.swift */; };
/* End PBXBuildFile section */

/* Begin PBXContainerItemProxy section */
		FF4D717E292C44B1003BF000 /* PBXContainerItemProxy */ = {
			isa = PBXContainerItemProxy;
			containerPortal = FF4D715F292C44B0003BF000 /* Project object */;
			proxyType = 1;
			remoteGlobalIDString = FF4D7166292C44B0003BF000;
			remoteInfo = AppdevHackathonProject;
		};
		FF4D7188292C44B1003BF000 /* PBXContainerItemProxy */ = {
			isa = PBXContainerItemProxy;
			containerPortal = FF4D715F292C44B0003BF000 /* Project object */;
			proxyType = 1;
			remoteGlobalIDString = FF4D7166292C44B0003BF000;
			remoteInfo = AppdevHackathonProject;
		};
/* End PBXContainerItemProxy section */

/* Begin PBXFileReference section */
		07C6692F781C8E1C859BABDF /* Pods-AppdevHackathonProjectTests.debug.xcconfig */ = {isa = PBXFileReference; includeInIndex = 1; lastKnownFileType = text.xcconfig; name = "Pods-AppdevHackathonProjectTests.debug.xcconfig"; path = "Target Support Files/Pods-AppdevHackathonProjectTests/Pods-AppdevHackathonProjectTests.debug.xcconfig"; sourceTree = "<group>"; };
		2F2D12863A9DC6404370EB62 /* Pods_AppdevHackathonProjectTests.framework */ = {isa = PBXFileReference; explicitFileType = wrapper.framework; includeInIndex = 0; path = Pods_AppdevHackathonProjectTests.framework; sourceTree = BUILT_PRODUCTS_DIR; };
		405C90C67348BF0FC0EB14C9 /* Pods-AppdevHackathonProjectTests.release.xcconfig */ = {isa = PBXFileReference; includeInIndex = 1; lastKnownFileType = text.xcconfig; name = "Pods-AppdevHackathonProjectTests.release.xcconfig"; path = "Target Support Files/Pods-AppdevHackathonProjectTests/Pods-AppdevHackathonProjectTests.release.xcconfig"; sourceTree = "<group>"; };
		529A391E2939954300336301 /* FavoritesCollectionViewCell.swift */ = {isa = PBXFileReference; lastKnownFileType = sourcecode.swift; path = FavoritesCollectionViewCell.swift; sourceTree = "<group>"; };
		529A392229399A9D00336301 /* RecentCommentTableViewCell.swift */ = {isa = PBXFileReference; lastKnownFileType = sourcecode.swift; path = RecentCommentTableViewCell.swift; sourceTree = "<group>"; };
		529A39242939A36300336301 /* Favorite.swift */ = {isa = PBXFileReference; lastKnownFileType = sourcecode.swift; path = Favorite.swift; sourceTree = "<group>"; };
		529A39262939B33300336301 /* ImagePickerManager.swift */ = {isa = PBXFileReference; lastKnownFileType = sourcecode.swift; path = ImagePickerManager.swift; sourceTree = "<group>"; };
		529BAAE72939C53700034AF8 /* UserID.swift */ = {isa = PBXFileReference; fileEncoding = 4; lastKnownFileType = sourcecode.swift; path = UserID.swift; sourceTree = "<group>"; };
		529BAAE82939C53700034AF8 /* RegisterUser.swift */ = {isa = PBXFileReference; fileEncoding = 4; lastKnownFileType = sourcecode.swift; path = RegisterUser.swift; sourceTree = "<group>"; };
		529BAAE92939C53700034AF8 /* LoginSession.swift */ = {isa = PBXFileReference; fileEncoding = 4; lastKnownFileType = sourcecode.swift; path = LoginSession.swift; sourceTree = "<group>"; };
		5DF6D865C7455D8F217E2179 /* Pods_AppdevHackathonProject_AppdevHackathonProjectUITests.framework */ = {isa = PBXFileReference; explicitFileType = wrapper.framework; includeInIndex = 0; path = Pods_AppdevHackathonProject_AppdevHackathonProjectUITests.framework; sourceTree = BUILT_PRODUCTS_DIR; };
		66ABDF94CC6D8461976F5DF4 /* Pods-AppdevHackathonProject-AppdevHackathonProjectUITests.debug.xcconfig */ = {isa = PBXFileReference; includeInIndex = 1; lastKnownFileType = text.xcconfig; name = "Pods-AppdevHackathonProject-AppdevHackathonProjectUITests.debug.xcconfig"; path = "Target Support Files/Pods-AppdevHackathonProject-AppdevHackathonProjectUITests/Pods-AppdevHackathonProject-AppdevHackathonProjectUITests.debug.xcconfig"; sourceTree = "<group>"; };
		A0C296C3C0B182934D228E0D /* Pods-AppdevHackathonProject-AppdevHackathonProjectUITests.release.xcconfig */ = {isa = PBXFileReference; includeInIndex = 1; lastKnownFileType = text.xcconfig; name = "Pods-AppdevHackathonProject-AppdevHackathonProjectUITests.release.xcconfig"; path = "Target Support Files/Pods-AppdevHackathonProject-AppdevHackathonProjectUITests/Pods-AppdevHackathonProject-AppdevHackathonProjectUITests.release.xcconfig"; sourceTree = "<group>"; };
		A5F9DD292F38609062D1B2E8 /* Pods_AppdevHackathonProject.framework */ = {isa = PBXFileReference; explicitFileType = wrapper.framework; includeInIndex = 0; path = Pods_AppdevHackathonProject.framework; sourceTree = BUILT_PRODUCTS_DIR; };
		B8E496ABDE203EEA30D6D9C7 /* Pods-AppdevHackathonProject.debug.xcconfig */ = {isa = PBXFileReference; includeInIndex = 1; lastKnownFileType = text.xcconfig; name = "Pods-AppdevHackathonProject.debug.xcconfig"; path = "Target Support Files/Pods-AppdevHackathonProject/Pods-AppdevHackathonProject.debug.xcconfig"; sourceTree = "<group>"; };
		E655A4D92B309E8CF2ED1972 /* Pods-AppdevHackathonProject.release.xcconfig */ = {isa = PBXFileReference; includeInIndex = 1; lastKnownFileType = text.xcconfig; name = "Pods-AppdevHackathonProject.release.xcconfig"; path = "Target Support Files/Pods-AppdevHackathonProject/Pods-AppdevHackathonProject.release.xcconfig"; sourceTree = "<group>"; };
		FF2F575B293848EB00B0B9A6 /* LocationManager.swift */ = {isa = PBXFileReference; lastKnownFileType = sourcecode.swift; path = LocationManager.swift; sourceTree = "<group>"; };
		FF2F576529393AD800B0B9A6 /* ProfileViewController.swift */ = {isa = PBXFileReference; lastKnownFileType = sourcecode.swift; path = ProfileViewController.swift; sourceTree = "<group>"; };
		FF2F576D293A3BC400B0B9A6 /* CreateComment.swift */ = {isa = PBXFileReference; lastKnownFileType = sourcecode.swift; path = CreateComment.swift; sourceTree = "<group>"; };
		FF2F576F293A861D00B0B9A6 /* LocationById.swift */ = {isa = PBXFileReference; lastKnownFileType = sourcecode.swift; path = LocationById.swift; sourceTree = "<group>"; };
		FF2F5771293A889000B0B9A6 /* LogoutSession.swift */ = {isa = PBXFileReference; lastKnownFileType = sourcecode.swift; path = LogoutSession.swift; sourceTree = "<group>"; };
		FF2F5773293A8A5A00B0B9A6 /* UploadImage.swift */ = {isa = PBXFileReference; lastKnownFileType = sourcecode.swift; path = UploadImage.swift; sourceTree = "<group>"; };
		FF4D7167292C44B0003BF000 /* AppdevHackathonProject.app */ = {isa = PBXFileReference; explicitFileType = wrapper.application; includeInIndex = 0; path = AppdevHackathonProject.app; sourceTree = BUILT_PRODUCTS_DIR; };
		FF4D716A292C44B0003BF000 /* AppDelegate.swift */ = {isa = PBXFileReference; lastKnownFileType = sourcecode.swift; path = AppDelegate.swift; sourceTree = "<group>"; };
		FF4D716C292C44B0003BF000 /* SceneDelegate.swift */ = {isa = PBXFileReference; lastKnownFileType = sourcecode.swift; path = SceneDelegate.swift; sourceTree = "<group>"; };
		FF4D716E292C44B0003BF000 /* ViewController.swift */ = {isa = PBXFileReference; lastKnownFileType = sourcecode.swift; path = ViewController.swift; sourceTree = "<group>"; };
		FF4D7173292C44B1003BF000 /* Assets.xcassets */ = {isa = PBXFileReference; lastKnownFileType = folder.assetcatalog; path = Assets.xcassets; sourceTree = "<group>"; };
		FF4D7176292C44B1003BF000 /* Base */ = {isa = PBXFileReference; lastKnownFileType = file.storyboard; name = Base; path = Base.lproj/LaunchScreen.storyboard; sourceTree = "<group>"; };
		FF4D7178292C44B1003BF000 /* Info.plist */ = {isa = PBXFileReference; lastKnownFileType = text.plist.xml; path = Info.plist; sourceTree = "<group>"; };
		FF4D717D292C44B1003BF000 /* AppdevHackathonProjectTests.xctest */ = {isa = PBXFileReference; explicitFileType = wrapper.cfbundle; includeInIndex = 0; path = AppdevHackathonProjectTests.xctest; sourceTree = BUILT_PRODUCTS_DIR; };
		FF4D7181292C44B1003BF000 /* AppdevHackathonProjectTests.swift */ = {isa = PBXFileReference; lastKnownFileType = sourcecode.swift; path = AppdevHackathonProjectTests.swift; sourceTree = "<group>"; };
		FF4D7187292C44B1003BF000 /* AppdevHackathonProjectUITests.xctest */ = {isa = PBXFileReference; explicitFileType = wrapper.cfbundle; includeInIndex = 0; path = AppdevHackathonProjectUITests.xctest; sourceTree = BUILT_PRODUCTS_DIR; };
		FF4D718B292C44B1003BF000 /* AppdevHackathonProjectUITests.swift */ = {isa = PBXFileReference; lastKnownFileType = sourcecode.swift; path = AppdevHackathonProjectUITests.swift; sourceTree = "<group>"; };
		FF4D718D292C44B1003BF000 /* AppdevHackathonProjectUITestsLaunchTests.swift */ = {isa = PBXFileReference; lastKnownFileType = sourcecode.swift; path = AppdevHackathonProjectUITestsLaunchTests.swift; sourceTree = "<group>"; };
		FF4D719A292C4653003BF000 /* Places.swift */ = {isa = PBXFileReference; lastKnownFileType = sourcecode.swift; path = Places.swift; sourceTree = "<group>"; };
		FF4D719C292C4C89003BF000 /* PlacesCollectionViewCell.swift */ = {isa = PBXFileReference; lastKnownFileType = sourcecode.swift; path = PlacesCollectionViewCell.swift; sourceTree = "<group>"; };
		FF4D719E292C4EA7003BF000 /* DetailViewController.swift */ = {isa = PBXFileReference; lastKnownFileType = sourcecode.swift; path = DetailViewController.swift; sourceTree = "<group>"; };
		FF4D71A0292C51B3003BF000 /* FilterCollectionViewCell.swift */ = {isa = PBXFileReference; lastKnownFileType = sourcecode.swift; path = FilterCollectionViewCell.swift; sourceTree = "<group>"; };
		FF4D71A2292C51E0003BF000 /* Filter.swift */ = {isa = PBXFileReference; lastKnownFileType = sourcecode.swift; path = Filter.swift; sourceTree = "<group>"; };
		FF4D71A42932D30E003BF000 /* LoginViewController.swift */ = {isa = PBXFileReference; lastKnownFileType = sourcecode.swift; path = LoginViewController.swift; sourceTree = "<group>"; };
		FF4D71A829358BC2003BF000 /* SignUpViewController.swift */ = {isa = PBXFileReference; lastKnownFileType = sourcecode.swift; path = SignUpViewController.swift; sourceTree = "<group>"; };
		FFBA9583293ACEE1004B76BB /* AddFavorite.swift */ = {isa = PBXFileReference; lastKnownFileType = sourcecode.swift; path = AddFavorite.swift; sourceTree = "<group>"; };
		FFBA9585293AD213004B76BB /* UpdateBusyness.swift */ = {isa = PBXFileReference; lastKnownFileType = sourcecode.swift; path = UpdateBusyness.swift; sourceTree = "<group>"; };
		FFC5E4B12935C91300BC5AA5 /* Comment.swift */ = {isa = PBXFileReference; lastKnownFileType = sourcecode.swift; path = Comment.swift; sourceTree = "<group>"; };
		FFC5E4B32935CAD800BC5AA5 /* PostTableViewCell.swift */ = {isa = PBXFileReference; lastKnownFileType = sourcecode.swift; path = PostTableViewCell.swift; sourceTree = "<group>"; };
		FFC5E4B52935CFBD00BC5AA5 /* NetworkManager.swift */ = {isa = PBXFileReference; lastKnownFileType = sourcecode.swift; path = NetworkManager.swift; sourceTree = "<group>"; };
		FFC5E4B72935D13500BC5AA5 /* CreateCommentViewController.swift */ = {isa = PBXFileReference; lastKnownFileType = sourcecode.swift; path = CreateCommentViewController.swift; sourceTree = "<group>"; };
/* End PBXFileReference section */

/* Begin PBXFrameworksBuildPhase section */
		FF4D7164292C44B0003BF000 /* Frameworks */ = {
			isa = PBXFrameworksBuildPhase;
			buildActionMask = 2147483647;
			files = (
				9748630540E8B23A1F53E9F5 /* Pods_AppdevHackathonProject.framework in Frameworks */,
			);
			runOnlyForDeploymentPostprocessing = 0;
		};
		FF4D717A292C44B1003BF000 /* Frameworks */ = {
			isa = PBXFrameworksBuildPhase;
			buildActionMask = 2147483647;
			files = (
				412845F541DE83293B6AEC0D /* Pods_AppdevHackathonProjectTests.framework in Frameworks */,
			);
			runOnlyForDeploymentPostprocessing = 0;
		};
		FF4D7184292C44B1003BF000 /* Frameworks */ = {
			isa = PBXFrameworksBuildPhase;
			buildActionMask = 2147483647;
			files = (
				8ED78486840B76C9038E0141 /* Pods_AppdevHackathonProject_AppdevHackathonProjectUITests.framework in Frameworks */,
			);
			runOnlyForDeploymentPostprocessing = 0;
		};
/* End PBXFrameworksBuildPhase section */

/* Begin PBXGroup section */
		1218E6D04B4D439646DE2350 /* Pods */ = {
			isa = PBXGroup;
			children = (
				B8E496ABDE203EEA30D6D9C7 /* Pods-AppdevHackathonProject.debug.xcconfig */,
				E655A4D92B309E8CF2ED1972 /* Pods-AppdevHackathonProject.release.xcconfig */,
				66ABDF94CC6D8461976F5DF4 /* Pods-AppdevHackathonProject-AppdevHackathonProjectUITests.debug.xcconfig */,
				A0C296C3C0B182934D228E0D /* Pods-AppdevHackathonProject-AppdevHackathonProjectUITests.release.xcconfig */,
				07C6692F781C8E1C859BABDF /* Pods-AppdevHackathonProjectTests.debug.xcconfig */,
				405C90C67348BF0FC0EB14C9 /* Pods-AppdevHackathonProjectTests.release.xcconfig */,
			);
			path = Pods;
			sourceTree = "<group>";
		};
		FDB8B4F32409975BFF37B907 /* Frameworks */ = {
			isa = PBXGroup;
			children = (
				A5F9DD292F38609062D1B2E8 /* Pods_AppdevHackathonProject.framework */,
				5DF6D865C7455D8F217E2179 /* Pods_AppdevHackathonProject_AppdevHackathonProjectUITests.framework */,
				2F2D12863A9DC6404370EB62 /* Pods_AppdevHackathonProjectTests.framework */,
			);
			name = Frameworks;
			sourceTree = "<group>";
		};
		FF4D715E292C44B0003BF000 = {
			isa = PBXGroup;
			children = (
				FF4D7169292C44B0003BF000 /* AppdevHackathonProject */,
				FF4D7180292C44B1003BF000 /* AppdevHackathonProjectTests */,
				FF4D718A292C44B1003BF000 /* AppdevHackathonProjectUITests */,
				FF4D7168292C44B0003BF000 /* Products */,
				1218E6D04B4D439646DE2350 /* Pods */,
				FDB8B4F32409975BFF37B907 /* Frameworks */,
			);
			sourceTree = "<group>";
		};
		FF4D7168292C44B0003BF000 /* Products */ = {
			isa = PBXGroup;
			children = (
				FF4D7167292C44B0003BF000 /* AppdevHackathonProject.app */,
				FF4D717D292C44B1003BF000 /* AppdevHackathonProjectTests.xctest */,
				FF4D7187292C44B1003BF000 /* AppdevHackathonProjectUITests.xctest */,
			);
			name = Products;
			sourceTree = "<group>";
		};
		FF4D7169292C44B0003BF000 /* AppdevHackathonProject */ = {
			isa = PBXGroup;
			children = (
				FF4D716A292C44B0003BF000 /* AppDelegate.swift */,
				FF4D716C292C44B0003BF000 /* SceneDelegate.swift */,
				FF4D716E292C44B0003BF000 /* ViewController.swift */,
				FF4D71A0292C51B3003BF000 /* FilterCollectionViewCell.swift */,
				FF4D71A2292C51E0003BF000 /* Filter.swift */,
				FF4D719C292C4C89003BF000 /* PlacesCollectionViewCell.swift */,
				FF4D719A292C4653003BF000 /* Places.swift */,
				FF4D719E292C4EA7003BF000 /* DetailViewController.swift */,
				FF4D71A829358BC2003BF000 /* SignUpViewController.swift */,
				FF4D71A42932D30E003BF000 /* LoginViewController.swift */,
				529BAAE92939C53700034AF8 /* LoginSession.swift */,
				529BAAE82939C53700034AF8 /* RegisterUser.swift */,
				529BAAE72939C53700034AF8 /* UserID.swift */,
				FFC5E4B12935C91300BC5AA5 /* Comment.swift */,
				529A39242939A36300336301 /* Favorite.swift */,
				FFC5E4B32935CAD800BC5AA5 /* PostTableViewCell.swift */,
				FFC5E4B52935CFBD00BC5AA5 /* NetworkManager.swift */,
				FFBA9585293AD213004B76BB /* UpdateBusyness.swift */,
				FFBA9583293ACEE1004B76BB /* AddFavorite.swift */,
				FF2F5773293A8A5A00B0B9A6 /* UploadImage.swift */,
				FF2F5771293A889000B0B9A6 /* LogoutSession.swift */,
				FF2F576F293A861D00B0B9A6 /* LocationById.swift */,
				FF2F576D293A3BC400B0B9A6 /* CreateComment.swift */,
				FFC5E4B72935D13500BC5AA5 /* CreateCommentViewController.swift */,
				FF2F575B293848EB00B0B9A6 /* LocationManager.swift */,
				FF2F576529393AD800B0B9A6 /* ProfileViewController.swift */,
				529A391E2939954300336301 /* FavoritesCollectionViewCell.swift */,
				529A392229399A9D00336301 /* RecentCommentTableViewCell.swift */,
				FF4D7173292C44B1003BF000 /* Assets.xcassets */,
				FF4D7175292C44B1003BF000 /* LaunchScreen.storyboard */,
				FF4D7178292C44B1003BF000 /* Info.plist */,
				529A39262939B33300336301 /* ImagePickerManager.swift */,
			);
			path = AppdevHackathonProject;
			sourceTree = "<group>";
		};
		FF4D7180292C44B1003BF000 /* AppdevHackathonProjectTests */ = {
			isa = PBXGroup;
			children = (
				FF4D7181292C44B1003BF000 /* AppdevHackathonProjectTests.swift */,
			);
			path = AppdevHackathonProjectTests;
			sourceTree = "<group>";
		};
		FF4D718A292C44B1003BF000 /* AppdevHackathonProjectUITests */ = {
			isa = PBXGroup;
			children = (
				FF4D718B292C44B1003BF000 /* AppdevHackathonProjectUITests.swift */,
				FF4D718D292C44B1003BF000 /* AppdevHackathonProjectUITestsLaunchTests.swift */,
			);
			path = AppdevHackathonProjectUITests;
			sourceTree = "<group>";
		};
/* End PBXGroup section */

/* Begin PBXNativeTarget section */
		FF4D7166292C44B0003BF000 /* AppdevHackathonProject */ = {
			isa = PBXNativeTarget;
			buildConfigurationList = FF4D7191292C44B1003BF000 /* Build configuration list for PBXNativeTarget "AppdevHackathonProject" */;
			buildPhases = (
				534DB97EC4E9DC0BAC8594B5 /* [CP] Check Pods Manifest.lock */,
				FF4D7163292C44B0003BF000 /* Sources */,
				FF4D7164292C44B0003BF000 /* Frameworks */,
				FF4D7165292C44B0003BF000 /* Resources */,
				68E4F80AB5D9BFF0F2C7C1D8 /* [CP] Embed Pods Frameworks */,
			);
			buildRules = (
			);
			dependencies = (
			);
			name = AppdevHackathonProject;
			productName = AppdevHackathonProject;
			productReference = FF4D7167292C44B0003BF000 /* AppdevHackathonProject.app */;
			productType = "com.apple.product-type.application";
		};
		FF4D717C292C44B1003BF000 /* AppdevHackathonProjectTests */ = {
			isa = PBXNativeTarget;
			buildConfigurationList = FF4D7194292C44B1003BF000 /* Build configuration list for PBXNativeTarget "AppdevHackathonProjectTests" */;
			buildPhases = (
				86696532075F91B3C902DCDE /* [CP] Check Pods Manifest.lock */,
				FF4D7179292C44B1003BF000 /* Sources */,
				FF4D717A292C44B1003BF000 /* Frameworks */,
				FF4D717B292C44B1003BF000 /* Resources */,
			);
			buildRules = (
			);
			dependencies = (
				FF4D717F292C44B1003BF000 /* PBXTargetDependency */,
			);
			name = AppdevHackathonProjectTests;
			productName = AppdevHackathonProjectTests;
			productReference = FF4D717D292C44B1003BF000 /* AppdevHackathonProjectTests.xctest */;
			productType = "com.apple.product-type.bundle.unit-test";
		};
		FF4D7186292C44B1003BF000 /* AppdevHackathonProjectUITests */ = {
			isa = PBXNativeTarget;
			buildConfigurationList = FF4D7197292C44B1003BF000 /* Build configuration list for PBXNativeTarget "AppdevHackathonProjectUITests" */;
			buildPhases = (
				C81F22AA9B456378EE43D738 /* [CP] Check Pods Manifest.lock */,
				FF4D7183292C44B1003BF000 /* Sources */,
				FF4D7184292C44B1003BF000 /* Frameworks */,
				FF4D7185292C44B1003BF000 /* Resources */,
				910225D07278798E0B9F9001 /* [CP] Embed Pods Frameworks */,
			);
			buildRules = (
			);
			dependencies = (
				FF4D7189292C44B1003BF000 /* PBXTargetDependency */,
			);
			name = AppdevHackathonProjectUITests;
			productName = AppdevHackathonProjectUITests;
			productReference = FF4D7187292C44B1003BF000 /* AppdevHackathonProjectUITests.xctest */;
			productType = "com.apple.product-type.bundle.ui-testing";
		};
/* End PBXNativeTarget section */

/* Begin PBXProject section */
		FF4D715F292C44B0003BF000 /* Project object */ = {
			isa = PBXProject;
			attributes = {
				BuildIndependentTargetsInParallel = 1;
				LastSwiftUpdateCheck = 1400;
				LastUpgradeCheck = 1400;
				TargetAttributes = {
					FF4D7166292C44B0003BF000 = {
						CreatedOnToolsVersion = 14.0;
					};
					FF4D717C292C44B1003BF000 = {
						CreatedOnToolsVersion = 14.0;
						TestTargetID = FF4D7166292C44B0003BF000;
					};
					FF4D7186292C44B1003BF000 = {
						CreatedOnToolsVersion = 14.0;
						TestTargetID = FF4D7166292C44B0003BF000;
					};
				};
			};
			buildConfigurationList = FF4D7162292C44B0003BF000 /* Build configuration list for PBXProject "AppdevHackathonProject" */;
			compatibilityVersion = "Xcode 14.0";
			developmentRegion = en;
			hasScannedForEncodings = 0;
			knownRegions = (
				en,
				Base,
			);
			mainGroup = FF4D715E292C44B0003BF000;
			productRefGroup = FF4D7168292C44B0003BF000 /* Products */;
			projectDirPath = "";
			projectRoot = "";
			targets = (
				FF4D7166292C44B0003BF000 /* AppdevHackathonProject */,
				FF4D717C292C44B1003BF000 /* AppdevHackathonProjectTests */,
				FF4D7186292C44B1003BF000 /* AppdevHackathonProjectUITests */,
			);
		};
/* End PBXProject section */

/* Begin PBXResourcesBuildPhase section */
		FF4D7165292C44B0003BF000 /* Resources */ = {
			isa = PBXResourcesBuildPhase;
			buildActionMask = 2147483647;
			files = (
				FF4D7177292C44B1003BF000 /* LaunchScreen.storyboard in Resources */,
				FF4D7174292C44B1003BF000 /* Assets.xcassets in Resources */,
			);
			runOnlyForDeploymentPostprocessing = 0;
		};
		FF4D717B292C44B1003BF000 /* Resources */ = {
			isa = PBXResourcesBuildPhase;
			buildActionMask = 2147483647;
			files = (
			);
			runOnlyForDeploymentPostprocessing = 0;
		};
		FF4D7185292C44B1003BF000 /* Resources */ = {
			isa = PBXResourcesBuildPhase;
			buildActionMask = 2147483647;
			files = (
			);
			runOnlyForDeploymentPostprocessing = 0;
		};
/* End PBXResourcesBuildPhase section */

/* Begin PBXShellScriptBuildPhase section */
		534DB97EC4E9DC0BAC8594B5 /* [CP] Check Pods Manifest.lock */ = {
			isa = PBXShellScriptBuildPhase;
			buildActionMask = 2147483647;
			files = (
			);
			inputFileListPaths = (
			);
			inputPaths = (
				"${PODS_PODFILE_DIR_PATH}/Podfile.lock",
				"${PODS_ROOT}/Manifest.lock",
			);
			name = "[CP] Check Pods Manifest.lock";
			outputFileListPaths = (
			);
			outputPaths = (
				"$(DERIVED_FILE_DIR)/Pods-AppdevHackathonProject-checkManifestLockResult.txt",
			);
			runOnlyForDeploymentPostprocessing = 0;
			shellPath = /bin/sh;
			shellScript = "diff \"${PODS_PODFILE_DIR_PATH}/Podfile.lock\" \"${PODS_ROOT}/Manifest.lock\" > /dev/null\nif [ $? != 0 ] ; then\n    # print error to STDERR\n    echo \"error: The sandbox is not in sync with the Podfile.lock. Run 'pod install' or update your CocoaPods installation.\" >&2\n    exit 1\nfi\n# This output is used by Xcode 'outputs' to avoid re-running this script phase.\necho \"SUCCESS\" > \"${SCRIPT_OUTPUT_FILE_0}\"\n";
			showEnvVarsInLog = 0;
		};
		68E4F80AB5D9BFF0F2C7C1D8 /* [CP] Embed Pods Frameworks */ = {
			isa = PBXShellScriptBuildPhase;
			buildActionMask = 2147483647;
			files = (
			);
			inputFileListPaths = (
				"${PODS_ROOT}/Target Support Files/Pods-AppdevHackathonProject/Pods-AppdevHackathonProject-frameworks-${CONFIGURATION}-input-files.xcfilelist",
			);
			name = "[CP] Embed Pods Frameworks";
			outputFileListPaths = (
				"${PODS_ROOT}/Target Support Files/Pods-AppdevHackathonProject/Pods-AppdevHackathonProject-frameworks-${CONFIGURATION}-output-files.xcfilelist",
			);
			runOnlyForDeploymentPostprocessing = 0;
			shellPath = /bin/sh;
			shellScript = "\"${PODS_ROOT}/Target Support Files/Pods-AppdevHackathonProject/Pods-AppdevHackathonProject-frameworks.sh\"\n";
			showEnvVarsInLog = 0;
		};
		86696532075F91B3C902DCDE /* [CP] Check Pods Manifest.lock */ = {
			isa = PBXShellScriptBuildPhase;
			buildActionMask = 2147483647;
			files = (
			);
			inputFileListPaths = (
			);
			inputPaths = (
				"${PODS_PODFILE_DIR_PATH}/Podfile.lock",
				"${PODS_ROOT}/Manifest.lock",
			);
			name = "[CP] Check Pods Manifest.lock";
			outputFileListPaths = (
			);
			outputPaths = (
				"$(DERIVED_FILE_DIR)/Pods-AppdevHackathonProjectTests-checkManifestLockResult.txt",
			);
			runOnlyForDeploymentPostprocessing = 0;
			shellPath = /bin/sh;
			shellScript = "diff \"${PODS_PODFILE_DIR_PATH}/Podfile.lock\" \"${PODS_ROOT}/Manifest.lock\" > /dev/null\nif [ $? != 0 ] ; then\n    # print error to STDERR\n    echo \"error: The sandbox is not in sync with the Podfile.lock. Run 'pod install' or update your CocoaPods installation.\" >&2\n    exit 1\nfi\n# This output is used by Xcode 'outputs' to avoid re-running this script phase.\necho \"SUCCESS\" > \"${SCRIPT_OUTPUT_FILE_0}\"\n";
			showEnvVarsInLog = 0;
		};
		910225D07278798E0B9F9001 /* [CP] Embed Pods Frameworks */ = {
			isa = PBXShellScriptBuildPhase;
			buildActionMask = 2147483647;
			files = (
			);
			inputFileListPaths = (
				"${PODS_ROOT}/Target Support Files/Pods-AppdevHackathonProject-AppdevHackathonProjectUITests/Pods-AppdevHackathonProject-AppdevHackathonProjectUITests-frameworks-${CONFIGURATION}-input-files.xcfilelist",
			);
			name = "[CP] Embed Pods Frameworks";
			outputFileListPaths = (
				"${PODS_ROOT}/Target Support Files/Pods-AppdevHackathonProject-AppdevHackathonProjectUITests/Pods-AppdevHackathonProject-AppdevHackathonProjectUITests-frameworks-${CONFIGURATION}-output-files.xcfilelist",
			);
			runOnlyForDeploymentPostprocessing = 0;
			shellPath = /bin/sh;
			shellScript = "\"${PODS_ROOT}/Target Support Files/Pods-AppdevHackathonProject-AppdevHackathonProjectUITests/Pods-AppdevHackathonProject-AppdevHackathonProjectUITests-frameworks.sh\"\n";
			showEnvVarsInLog = 0;
		};
		C81F22AA9B456378EE43D738 /* [CP] Check Pods Manifest.lock */ = {
			isa = PBXShellScriptBuildPhase;
			buildActionMask = 2147483647;
			files = (
			);
			inputFileListPaths = (
			);
			inputPaths = (
				"${PODS_PODFILE_DIR_PATH}/Podfile.lock",
				"${PODS_ROOT}/Manifest.lock",
			);
			name = "[CP] Check Pods Manifest.lock";
			outputFileListPaths = (
			);
			outputPaths = (
				"$(DERIVED_FILE_DIR)/Pods-AppdevHackathonProject-AppdevHackathonProjectUITests-checkManifestLockResult.txt",
			);
			runOnlyForDeploymentPostprocessing = 0;
			shellPath = /bin/sh;
			shellScript = "diff \"${PODS_PODFILE_DIR_PATH}/Podfile.lock\" \"${PODS_ROOT}/Manifest.lock\" > /dev/null\nif [ $? != 0 ] ; then\n    # print error to STDERR\n    echo \"error: The sandbox is not in sync with the Podfile.lock. Run 'pod install' or update your CocoaPods installation.\" >&2\n    exit 1\nfi\n# This output is used by Xcode 'outputs' to avoid re-running this script phase.\necho \"SUCCESS\" > \"${SCRIPT_OUTPUT_FILE_0}\"\n";
			showEnvVarsInLog = 0;
		};
/* End PBXShellScriptBuildPhase section */

/* Begin PBXSourcesBuildPhase section */
		FF4D7163292C44B0003BF000 /* Sources */ = {
			isa = PBXSourcesBuildPhase;
			buildActionMask = 2147483647;
			files = (
				FF4D71A52932D30E003BF000 /* LoginViewController.swift in Sources */,
				FFBA9584293ACEE1004B76BB /* AddFavorite.swift in Sources */,
				529BAAEB2939C53700034AF8 /* RegisterUser.swift in Sources */,
				FF4D719D292C4C89003BF000 /* PlacesCollectionViewCell.swift in Sources */,
				FF4D716F292C44B0003BF000 /* ViewController.swift in Sources */,
				FFC5E4B62935CFBD00BC5AA5 /* NetworkManager.swift in Sources */,
				FF2F575C293848EB00B0B9A6 /* LocationManager.swift in Sources */,
				FF2F576629393AD800B0B9A6 /* ProfileViewController.swift in Sources */,
				529BAAEC2939C53700034AF8 /* LoginSession.swift in Sources */,
				FF4D716B292C44B0003BF000 /* AppDelegate.swift in Sources */,
				FF4D71A929358BC2003BF000 /* SignUpViewController.swift in Sources */,
				FF2F5774293A8A5A00B0B9A6 /* UploadImage.swift in Sources */,
				FF4D719F292C4EA7003BF000 /* DetailViewController.swift in Sources */,
				FF4D716D292C44B0003BF000 /* SceneDelegate.swift in Sources */,
				FF2F5770293A861D00B0B9A6 /* LocationById.swift in Sources */,
				529A39272939B33300336301 /* ImagePickerManager.swift in Sources */,
				FF2F576E293A3BC400B0B9A6 /* CreateComment.swift in Sources */,
				529A391F2939954300336301 /* FavoritesCollectionViewCell.swift in Sources */,
				FFC5E4B82935D13500BC5AA5 /* CreateCommentViewController.swift in Sources */,
				FF4D71A3292C51E0003BF000 /* Filter.swift in Sources */,
				529BAAEA2939C53700034AF8 /* UserID.swift in Sources */,
				529A39252939A36300336301 /* Favorite.swift in Sources */,
				FF2F5772293A889000B0B9A6 /* LogoutSession.swift in Sources */,
				FF4D719B292C4653003BF000 /* Places.swift in Sources */,
				FFBA9586293AD213004B76BB /* UpdateBusyness.swift in Sources */,
				529A392329399A9D00336301 /* RecentCommentTableViewCell.swift in Sources */,
				FFC5E4B22935C91300BC5AA5 /* Comment.swift in Sources */,
				FF4D71A1292C51B3003BF000 /* FilterCollectionViewCell.swift in Sources */,
				FFC5E4B42935CAD800BC5AA5 /* PostTableViewCell.swift in Sources */,
			);
			runOnlyForDeploymentPostprocessing = 0;
		};
		FF4D7179292C44B1003BF000 /* Sources */ = {
			isa = PBXSourcesBuildPhase;
			buildActionMask = 2147483647;
			files = (
				FF4D7182292C44B1003BF000 /* AppdevHackathonProjectTests.swift in Sources */,
			);
			runOnlyForDeploymentPostprocessing = 0;
		};
		FF4D7183292C44B1003BF000 /* Sources */ = {
			isa = PBXSourcesBuildPhase;
			buildActionMask = 2147483647;
			files = (
				FF4D718E292C44B1003BF000 /* AppdevHackathonProjectUITestsLaunchTests.swift in Sources */,
				FF4D718C292C44B1003BF000 /* AppdevHackathonProjectUITests.swift in Sources */,
			);
			runOnlyForDeploymentPostprocessing = 0;
		};
/* End PBXSourcesBuildPhase section */

/* Begin PBXTargetDependency section */
		FF4D717F292C44B1003BF000 /* PBXTargetDependency */ = {
			isa = PBXTargetDependency;
			target = FF4D7166292C44B0003BF000 /* AppdevHackathonProject */;
			targetProxy = FF4D717E292C44B1003BF000 /* PBXContainerItemProxy */;
		};
		FF4D7189292C44B1003BF000 /* PBXTargetDependency */ = {
			isa = PBXTargetDependency;
			target = FF4D7166292C44B0003BF000 /* AppdevHackathonProject */;
			targetProxy = FF4D7188292C44B1003BF000 /* PBXContainerItemProxy */;
		};
/* End PBXTargetDependency section */

/* Begin PBXVariantGroup section */
		FF4D7175292C44B1003BF000 /* LaunchScreen.storyboard */ = {
			isa = PBXVariantGroup;
			children = (
				FF4D7176292C44B1003BF000 /* Base */,
			);
			name = LaunchScreen.storyboard;
			sourceTree = "<group>";
		};
/* End PBXVariantGroup section */

/* Begin XCBuildConfiguration section */
		FF4D718F292C44B1003BF000 /* Debug */ = {
			isa = XCBuildConfiguration;
			buildSettings = {
				ALWAYS_SEARCH_USER_PATHS = NO;
				CLANG_ANALYZER_NONNULL = YES;
				CLANG_ANALYZER_NUMBER_OBJECT_CONVERSION = YES_AGGRESSIVE;
				CLANG_CXX_LANGUAGE_STANDARD = "gnu++20";
				CLANG_ENABLE_MODULES = YES;
				CLANG_ENABLE_OBJC_ARC = YES;
				CLANG_ENABLE_OBJC_WEAK = YES;
				CLANG_WARN_BLOCK_CAPTURE_AUTORELEASING = YES;
				CLANG_WARN_BOOL_CONVERSION = YES;
				CLANG_WARN_COMMA = YES;
				CLANG_WARN_CONSTANT_CONVERSION = YES;
				CLANG_WARN_DEPRECATED_OBJC_IMPLEMENTATIONS = YES;
				CLANG_WARN_DIRECT_OBJC_ISA_USAGE = YES_ERROR;
				CLANG_WARN_DOCUMENTATION_COMMENTS = YES;
				CLANG_WARN_EMPTY_BODY = YES;
				CLANG_WARN_ENUM_CONVERSION = YES;
				CLANG_WARN_INFINITE_RECURSION = YES;
				CLANG_WARN_INT_CONVERSION = YES;
				CLANG_WARN_NON_LITERAL_NULL_CONVERSION = YES;
				CLANG_WARN_OBJC_IMPLICIT_RETAIN_SELF = YES;
				CLANG_WARN_OBJC_LITERAL_CONVERSION = YES;
				CLANG_WARN_OBJC_ROOT_CLASS = YES_ERROR;
				CLANG_WARN_QUOTED_INCLUDE_IN_FRAMEWORK_HEADER = YES;
				CLANG_WARN_RANGE_LOOP_ANALYSIS = YES;
				CLANG_WARN_STRICT_PROTOTYPES = YES;
				CLANG_WARN_SUSPICIOUS_MOVE = YES;
				CLANG_WARN_UNGUARDED_AVAILABILITY = YES_AGGRESSIVE;
				CLANG_WARN_UNREACHABLE_CODE = YES;
				CLANG_WARN__DUPLICATE_METHOD_MATCH = YES;
				COPY_PHASE_STRIP = NO;
				DEBUG_INFORMATION_FORMAT = dwarf;
				ENABLE_STRICT_OBJC_MSGSEND = YES;
				ENABLE_TESTABILITY = YES;
				GCC_C_LANGUAGE_STANDARD = gnu11;
				GCC_DYNAMIC_NO_PIC = NO;
				GCC_NO_COMMON_BLOCKS = YES;
				GCC_OPTIMIZATION_LEVEL = 0;
				GCC_PREPROCESSOR_DEFINITIONS = (
					"DEBUG=1",
					"$(inherited)",
				);
				GCC_WARN_64_TO_32_BIT_CONVERSION = YES;
				GCC_WARN_ABOUT_RETURN_TYPE = YES_ERROR;
				GCC_WARN_UNDECLARED_SELECTOR = YES;
				GCC_WARN_UNINITIALIZED_AUTOS = YES_AGGRESSIVE;
				GCC_WARN_UNUSED_FUNCTION = YES;
				GCC_WARN_UNUSED_VARIABLE = YES;
				IPHONEOS_DEPLOYMENT_TARGET = 16.0;
				MTL_ENABLE_DEBUG_INFO = INCLUDE_SOURCE;
				MTL_FAST_MATH = YES;
				ONLY_ACTIVE_ARCH = YES;
				SDKROOT = iphoneos;
				SWIFT_ACTIVE_COMPILATION_CONDITIONS = DEBUG;
				SWIFT_OPTIMIZATION_LEVEL = "-Onone";
			};
			name = Debug;
		};
		FF4D7190292C44B1003BF000 /* Release */ = {
			isa = XCBuildConfiguration;
			buildSettings = {
				ALWAYS_SEARCH_USER_PATHS = NO;
				CLANG_ANALYZER_NONNULL = YES;
				CLANG_ANALYZER_NUMBER_OBJECT_CONVERSION = YES_AGGRESSIVE;
				CLANG_CXX_LANGUAGE_STANDARD = "gnu++20";
				CLANG_ENABLE_MODULES = YES;
				CLANG_ENABLE_OBJC_ARC = YES;
				CLANG_ENABLE_OBJC_WEAK = YES;
				CLANG_WARN_BLOCK_CAPTURE_AUTORELEASING = YES;
				CLANG_WARN_BOOL_CONVERSION = YES;
				CLANG_WARN_COMMA = YES;
				CLANG_WARN_CONSTANT_CONVERSION = YES;
				CLANG_WARN_DEPRECATED_OBJC_IMPLEMENTATIONS = YES;
				CLANG_WARN_DIRECT_OBJC_ISA_USAGE = YES_ERROR;
				CLANG_WARN_DOCUMENTATION_COMMENTS = YES;
				CLANG_WARN_EMPTY_BODY = YES;
				CLANG_WARN_ENUM_CONVERSION = YES;
				CLANG_WARN_INFINITE_RECURSION = YES;
				CLANG_WARN_INT_CONVERSION = YES;
				CLANG_WARN_NON_LITERAL_NULL_CONVERSION = YES;
				CLANG_WARN_OBJC_IMPLICIT_RETAIN_SELF = YES;
				CLANG_WARN_OBJC_LITERAL_CONVERSION = YES;
				CLANG_WARN_OBJC_ROOT_CLASS = YES_ERROR;
				CLANG_WARN_QUOTED_INCLUDE_IN_FRAMEWORK_HEADER = YES;
				CLANG_WARN_RANGE_LOOP_ANALYSIS = YES;
				CLANG_WARN_STRICT_PROTOTYPES = YES;
				CLANG_WARN_SUSPICIOUS_MOVE = YES;
				CLANG_WARN_UNGUARDED_AVAILABILITY = YES_AGGRESSIVE;
				CLANG_WARN_UNREACHABLE_CODE = YES;
				CLANG_WARN__DUPLICATE_METHOD_MATCH = YES;
				COPY_PHASE_STRIP = NO;
				DEBUG_INFORMATION_FORMAT = "dwarf-with-dsym";
				ENABLE_NS_ASSERTIONS = NO;
				ENABLE_STRICT_OBJC_MSGSEND = YES;
				GCC_C_LANGUAGE_STANDARD = gnu11;
				GCC_NO_COMMON_BLOCKS = YES;
				GCC_WARN_64_TO_32_BIT_CONVERSION = YES;
				GCC_WARN_ABOUT_RETURN_TYPE = YES_ERROR;
				GCC_WARN_UNDECLARED_SELECTOR = YES;
				GCC_WARN_UNINITIALIZED_AUTOS = YES_AGGRESSIVE;
				GCC_WARN_UNUSED_FUNCTION = YES;
				GCC_WARN_UNUSED_VARIABLE = YES;
				IPHONEOS_DEPLOYMENT_TARGET = 16.0;
				MTL_ENABLE_DEBUG_INFO = NO;
				MTL_FAST_MATH = YES;
				SDKROOT = iphoneos;
				SWIFT_COMPILATION_MODE = wholemodule;
				SWIFT_OPTIMIZATION_LEVEL = "-O";
				VALIDATE_PRODUCT = YES;
			};
			name = Release;
		};
		FF4D7192292C44B1003BF000 /* Debug */ = {
			isa = XCBuildConfiguration;
			baseConfigurationReference = B8E496ABDE203EEA30D6D9C7 /* Pods-AppdevHackathonProject.debug.xcconfig */;
			buildSettings = {
				ASSETCATALOG_COMPILER_APPICON_NAME = AppIcon;
				ASSETCATALOG_COMPILER_GLOBAL_ACCENT_COLOR_NAME = AccentColor;
				CODE_SIGN_STYLE = Automatic;
				CURRENT_PROJECT_VERSION = 1;
				DEVELOPMENT_TEAM = 75DFAA9MY3;
				GENERATE_INFOPLIST_FILE = YES;
				INFOPLIST_FILE = AppdevHackathonProject/Info.plist;
				INFOPLIST_KEY_NSLocationAlwaysAndWhenInUseUsageDescription = "Please allow location access to use our app!";
				INFOPLIST_KEY_NSLocationWhenInUseUsageDescription = "Sees how far you are from places";
				INFOPLIST_KEY_UIApplicationSupportsIndirectInputEvents = YES;
				INFOPLIST_KEY_UILaunchStoryboardName = LaunchScreen;
				INFOPLIST_KEY_UISupportedInterfaceOrientations_iPad = "UIInterfaceOrientationPortrait UIInterfaceOrientationPortraitUpsideDown UIInterfaceOrientationLandscapeLeft UIInterfaceOrientationLandscapeRight";
				INFOPLIST_KEY_UISupportedInterfaceOrientations_iPhone = "UIInterfaceOrientationPortrait UIInterfaceOrientationLandscapeLeft UIInterfaceOrientationLandscapeRight";
				LD_RUNPATH_SEARCH_PATHS = (
					"$(inherited)",
					"@executable_path/Frameworks",
				);
				MARKETING_VERSION = 1.0;
				PRODUCT_BUNDLE_IDENTIFIER = com.YoussefAhmed.AppdevHackathonProject;
				PRODUCT_NAME = "$(TARGET_NAME)";
				SWIFT_EMIT_LOC_STRINGS = YES;
				SWIFT_VERSION = 5.0;
				TARGETED_DEVICE_FAMILY = "1,2";
			};
			name = Debug;
		};
		FF4D7193292C44B1003BF000 /* Release */ = {
			isa = XCBuildConfiguration;
			baseConfigurationReference = E655A4D92B309E8CF2ED1972 /* Pods-AppdevHackathonProject.release.xcconfig */;
			buildSettings = {
				ASSETCATALOG_COMPILER_APPICON_NAME = AppIcon;
				ASSETCATALOG_COMPILER_GLOBAL_ACCENT_COLOR_NAME = AccentColor;
				CODE_SIGN_STYLE = Automatic;
				CURRENT_PROJECT_VERSION = 1;
				DEVELOPMENT_TEAM = 75DFAA9MY3;
				GENERATE_INFOPLIST_FILE = YES;
				INFOPLIST_FILE = AppdevHackathonProject/Info.plist;
				INFOPLIST_KEY_NSLocationAlwaysAndWhenInUseUsageDescription = "Please allow location access to use our app!";
				INFOPLIST_KEY_NSLocationWhenInUseUsageDescription = "Sees how far you are from places";
				INFOPLIST_KEY_UIApplicationSupportsIndirectInputEvents = YES;
				INFOPLIST_KEY_UILaunchStoryboardName = LaunchScreen;
				INFOPLIST_KEY_UISupportedInterfaceOrientations_iPad = "UIInterfaceOrientationPortrait UIInterfaceOrientationPortraitUpsideDown UIInterfaceOrientationLandscapeLeft UIInterfaceOrientationLandscapeRight";
				INFOPLIST_KEY_UISupportedInterfaceOrientations_iPhone = "UIInterfaceOrientationPortrait UIInterfaceOrientationLandscapeLeft UIInterfaceOrientationLandscapeRight";
				LD_RUNPATH_SEARCH_PATHS = (
					"$(inherited)",
					"@executable_path/Frameworks",
				);
				MARKETING_VERSION = 1.0;
				PRODUCT_BUNDLE_IDENTIFIER = com.YoussefAhmed.AppdevHackathonProject;
				PRODUCT_NAME = "$(TARGET_NAME)";
				SWIFT_EMIT_LOC_STRINGS = YES;
				SWIFT_VERSION = 5.0;
				TARGETED_DEVICE_FAMILY = "1,2";
			};
			name = Release;
		};
		FF4D7195292C44B1003BF000 /* Debug */ = {
			isa = XCBuildConfiguration;
			baseConfigurationReference = 07C6692F781C8E1C859BABDF /* Pods-AppdevHackathonProjectTests.debug.xcconfig */;
			buildSettings = {
				ALWAYS_EMBED_SWIFT_STANDARD_LIBRARIES = YES;
				BUNDLE_LOADER = "$(TEST_HOST)";
				CODE_SIGN_STYLE = Automatic;
				CURRENT_PROJECT_VERSION = 1;
				DEVELOPMENT_TEAM = 75DFAA9MY3;
				GENERATE_INFOPLIST_FILE = YES;
				IPHONEOS_DEPLOYMENT_TARGET = 16.0;
				MARKETING_VERSION = 1.0;
				PRODUCT_BUNDLE_IDENTIFIER = com.YoussefAhmed.AppdevHackathonProjectTests;
				PRODUCT_NAME = "$(TARGET_NAME)";
				SWIFT_EMIT_LOC_STRINGS = NO;
				SWIFT_VERSION = 5.0;
				TARGETED_DEVICE_FAMILY = "1,2";
				TEST_HOST = "$(BUILT_PRODUCTS_DIR)/AppdevHackathonProject.app/$(BUNDLE_EXECUTABLE_FOLDER_PATH)/AppdevHackathonProject";
			};
			name = Debug;
		};
		FF4D7196292C44B1003BF000 /* Release */ = {
			isa = XCBuildConfiguration;
			baseConfigurationReference = 405C90C67348BF0FC0EB14C9 /* Pods-AppdevHackathonProjectTests.release.xcconfig */;
			buildSettings = {
				ALWAYS_EMBED_SWIFT_STANDARD_LIBRARIES = YES;
				BUNDLE_LOADER = "$(TEST_HOST)";
				CODE_SIGN_STYLE = Automatic;
				CURRENT_PROJECT_VERSION = 1;
				DEVELOPMENT_TEAM = 75DFAA9MY3;
				GENERATE_INFOPLIST_FILE = YES;
				IPHONEOS_DEPLOYMENT_TARGET = 16.0;
				MARKETING_VERSION = 1.0;
				PRODUCT_BUNDLE_IDENTIFIER = com.YoussefAhmed.AppdevHackathonProjectTests;
				PRODUCT_NAME = "$(TARGET_NAME)";
				SWIFT_EMIT_LOC_STRINGS = NO;
				SWIFT_VERSION = 5.0;
				TARGETED_DEVICE_FAMILY = "1,2";
				TEST_HOST = "$(BUILT_PRODUCTS_DIR)/AppdevHackathonProject.app/$(BUNDLE_EXECUTABLE_FOLDER_PATH)/AppdevHackathonProject";
			};
			name = Release;
		};
		FF4D7198292C44B1003BF000 /* Debug */ = {
			isa = XCBuildConfiguration;
			baseConfigurationReference = 66ABDF94CC6D8461976F5DF4 /* Pods-AppdevHackathonProject-AppdevHackathonProjectUITests.debug.xcconfig */;
			buildSettings = {
				ALWAYS_EMBED_SWIFT_STANDARD_LIBRARIES = YES;
				CODE_SIGN_STYLE = Automatic;
				CURRENT_PROJECT_VERSION = 1;
				DEVELOPMENT_TEAM = 75DFAA9MY3;
				GENERATE_INFOPLIST_FILE = YES;
				MARKETING_VERSION = 1.0;
				PRODUCT_BUNDLE_IDENTIFIER = com.YoussefAhmed.AppdevHackathonProjectUITests;
				PRODUCT_NAME = "$(TARGET_NAME)";
				SWIFT_EMIT_LOC_STRINGS = NO;
				SWIFT_VERSION = 5.0;
				TARGETED_DEVICE_FAMILY = "1,2";
				TEST_TARGET_NAME = AppdevHackathonProject;
			};
			name = Debug;
		};
		FF4D7199292C44B1003BF000 /* Release */ = {
			isa = XCBuildConfiguration;
			baseConfigurationReference = A0C296C3C0B182934D228E0D /* Pods-AppdevHackathonProject-AppdevHackathonProjectUITests.release.xcconfig */;
			buildSettings = {
				ALWAYS_EMBED_SWIFT_STANDARD_LIBRARIES = YES;
				CODE_SIGN_STYLE = Automatic;
				CURRENT_PROJECT_VERSION = 1;
				DEVELOPMENT_TEAM = 75DFAA9MY3;
				GENERATE_INFOPLIST_FILE = YES;
				MARKETING_VERSION = 1.0;
				PRODUCT_BUNDLE_IDENTIFIER = com.YoussefAhmed.AppdevHackathonProjectUITests;
				PRODUCT_NAME = "$(TARGET_NAME)";
				SWIFT_EMIT_LOC_STRINGS = NO;
				SWIFT_VERSION = 5.0;
				TARGETED_DEVICE_FAMILY = "1,2";
				TEST_TARGET_NAME = AppdevHackathonProject;
			};
			name = Release;
		};
/* End XCBuildConfiguration section */

/* Begin XCConfigurationList section */
		FF4D7162292C44B0003BF000 /* Build configuration list for PBXProject "AppdevHackathonProject" */ = {
			isa = XCConfigurationList;
			buildConfigurations = (
				FF4D718F292C44B1003BF000 /* Debug */,
				FF4D7190292C44B1003BF000 /* Release */,
			);
			defaultConfigurationIsVisible = 0;
			defaultConfigurationName = Release;
		};
		FF4D7191292C44B1003BF000 /* Build configuration list for PBXNativeTarget "AppdevHackathonProject" */ = {
			isa = XCConfigurationList;
			buildConfigurations = (
				FF4D7192292C44B1003BF000 /* Debug */,
				FF4D7193292C44B1003BF000 /* Release */,
			);
			defaultConfigurationIsVisible = 0;
			defaultConfigurationName = Release;
		};
		FF4D7194292C44B1003BF000 /* Build configuration list for PBXNativeTarget "AppdevHackathonProjectTests" */ = {
			isa = XCConfigurationList;
			buildConfigurations = (
				FF4D7195292C44B1003BF000 /* Debug */,
				FF4D7196292C44B1003BF000 /* Release */,
			);
			defaultConfigurationIsVisible = 0;
			defaultConfigurationName = Release;
		};
		FF4D7197292C44B1003BF000 /* Build configuration list for PBXNativeTarget "AppdevHackathonProjectUITests" */ = {
			isa = XCConfigurationList;
			buildConfigurations = (
				FF4D7198292C44B1003BF000 /* Debug */,
				FF4D7199292C44B1003BF000 /* Release */,
			);
			defaultConfigurationIsVisible = 0;
			defaultConfigurationName = Release;
		};
/* End XCConfigurationList section */
	};
	rootObject = FF4D715F292C44B0003BF000 /* Project object */;
}
